// !$*UTF8*$!
{
	archiveVersion = 1;
	classes = {
	};
	objectVersion = 56;
	objects = {

/* Begin PBXBuildFile section */
		2F4B8E1A2C8A4B0000123456 /* AppDelegate.swift in Sources */ = {isa = PBXBuildFile; fileRef = 2F4B8E192C8A4B0000123456 /* AppDelegate.swift */; };
		2F4B8E1C2C8A4B0000123456 /* SceneDelegate.swift in Sources */ = {isa = PBXBuildFile; fileRef = 2F4B8E1B2C8A4B0000123456 /* SceneDelegate.swift */; };
		2F4B8E1E2C8A4B0000123456 /* ViewController.swift in Sources */ = {isa = PBXBuildFile; fileRef = 2F4B8E1D2C8A4B0000123456 /* ViewController.swift */; };
		2F4B8E212C8A4B0000123456 /* Main.storyboard in Resources */ = {isa = PBXBuildFile; fileRef = 2F4B8E1F2C8A4B0000123456 /* Main.storyboard */; };
		2F4B8E232C8A4B0000123456 /* Assets.xcassets in Resources */ = {isa = PBXBuildFile; fileRef = 2F4B8E222C8A4B0000123456 /* Assets.xcassets */; };
		2F4B8E262C8A4B0000123456 /* LaunchScreen.storyboard in Resources */ = {isa = PBXBuildFile; fileRef = 2F4B8E242C8A4B0000123456 /* LaunchScreen.storyboard */; };
		7A8B6C2F4E8D9A1B2C3E4F56 /* Pods_PassageExampleCocoaPods.framework in Frameworks */ = {isa = PBXBuildFile; fileRef = 6D7F8E9A0B1C2D3E4F5A6B78 /* Pods_PassageExampleCocoaPods.framework */; };
/* End PBXBuildFile section */

/* Begin PBXFileReference section */
		2F4B8E162C8A4B0000123456 /* PassageExampleCocoaPods.app */ = {isa = PBXFileReference; explicitFileType = wrapper.application; includeInIndex = 0; path = PassageExampleCocoaPods.app; sourceTree = BUILT_PRODUCTS_DIR; };
		2F4B8E192C8A4B0000123456 /* AppDelegate.swift */ = {isa = PBXFileReference; lastKnownFileType = sourcecode.swift; path = AppDelegate.swift; sourceTree = "<group>"; };
		2F4B8E1B2C8A4B0000123456 /* SceneDelegate.swift */ = {isa = PBXFileReference; lastKnownFileType = sourcecode.swift; path = SceneDelegate.swift; sourceTree = "<group>"; };
		2F4B8E1D2C8A4B0000123456 /* ViewController.swift */ = {isa = PBXFileReference; lastKnownFileType = sourcecode.swift; path = ViewController.swift; sourceTree = "<group>"; };
		2F4B8E202C8A4B0000123456 /* Base */ = {isa = PBXFileReference; lastKnownFileType = file.storyboard; name = Base; path = Base.lproj/Main.storyboard; sourceTree = "<group>"; };
		2F4B8E222C8A4B0000123456 /* Assets.xcassets */ = {isa = PBXFileReference; lastKnownFileType = folder.assetcatalog; path = Assets.xcassets; sourceTree = "<group>"; };
		2F4B8E252C8A4B0000123456 /* Base */ = {isa = PBXFileReference; lastKnownFileType = file.storyboard; name = Base; path = Base.lproj/LaunchScreen.storyboard; sourceTree = "<group>"; };
		2F4B8E272C8A4B0000123456 /* Info.plist */ = {isa = PBXFileReference; lastKnownFileType = text.plist.xml; path = Info.plist; sourceTree = "<group>"; };
		6D7F8E9A0B1C2D3E4F5A6B78 /* Pods_PassageExampleCocoaPods.framework */ = {isa = PBXFileReference; explicitFileType = wrapper.framework; includeInIndex = 0; path = Pods_PassageExampleCocoaPods.framework; sourceTree = BUILT_PRODUCTS_DIR; };
		8C9D0E1F2A3B4C5D6E7F8A9B /* Pods-PassageExampleCocoaPods.debug.xcconfig */ = {isa = PBXFileReference; includeInIndex = 1; lastKnownFileType = text.xcconfig; name = "Pods-PassageExampleCocoaPods.debug.xcconfig"; path = "Target Support Files/Pods-PassageExampleCocoaPods/Pods-PassageExampleCocoaPods.debug.xcconfig"; sourceTree = "<group>"; };
		9B8A7C6D5E4F3A2B1C0D9E8F /* Pods-PassageExampleCocoaPods.release.xcconfig */ = {isa = PBXFileReference; includeInIndex = 1; lastKnownFileType = text.xcconfig; name = "Pods-PassageExampleCocoaPods.release.xcconfig"; path = "Target Support Files/Pods-PassageExampleCocoaPods/Pods-PassageExampleCocoaPods.release.xcconfig"; sourceTree = "<group>"; };
/* End PBXFileReference section */

/* Begin PBXFrameworksBuildPhase section */
		2F4B8E132C8A4B0000123456 /* Frameworks */ = {
			isa = PBXFrameworksBuildPhase;
			buildActionMask = 2147483647;
			files = (
				7A8B6C2F4E8D9A1B2C3E4F56 /* Pods_PassageExampleCocoaPods.framework in Frameworks */,
			);
			runOnlyForDeploymentPostprocessing = 0;
		};
/* End PBXFrameworksBuildPhase section */

/* Begin PBXGroup section */
		2F4B8E0D2C8A4B0000123456 = {
			isa = PBXGroup;
			children = (
				2F4B8E182C8A4B0000123456 /* PassageExampleCocoaPods */,
				2F4B8E172C8A4B0000123456 /* Products */,
				A1B2C3D4E5F6A7B8C9D0E1F2 /* Pods */,
				F0E1D2C3B4A5968778695A4B /* Frameworks */,
			);
			sourceTree = "<group>";
		};
		2F4B8E172C8A4B0000123456 /* Products */ = {
			isa = PBXGroup;
			children = (
				2F4B8E162C8A4B0000123456 /* PassageExampleCocoaPods.app */,
			);
			name = Products;
			sourceTree = "<group>";
		};
		2F4B8E182C8A4B0000123456 /* PassageExampleCocoaPods */ = {
			isa = PBXGroup;
			children = (
				2F4B8E192C8A4B0000123456 /* AppDelegate.swift */,
				2F4B8E1B2C8A4B0000123456 /* SceneDelegate.swift */,
				2F4B8E1D2C8A4B0000123456 /* ViewController.swift */,
				2F4B8E1F2C8A4B0000123456 /* Main.storyboard */,
				2F4B8E222C8A4B0000123456 /* Assets.xcassets */,
				2F4B8E242C8A4B0000123456 /* LaunchScreen.storyboard */,
				2F4B8E272C8A4B0000123456 /* Info.plist */,
			);
			path = PassageExampleCocoaPods;
			sourceTree = "<group>";
		};
		A1B2C3D4E5F6A7B8C9D0E1F2 /* Pods */ = {
			isa = PBXGroup;
			children = (
				8C9D0E1F2A3B4C5D6E7F8A9B /* Pods-PassageExampleCocoaPods.debug.xcconfig */,
				9B8A7C6D5E4F3A2B1C0D9E8F /* Pods-PassageExampleCocoaPods.release.xcconfig */,
			);
			path = Pods;
			sourceTree = "<group>";
		};
		F0E1D2C3B4A5968778695A4B /* Frameworks */ = {
			isa = PBXGroup;
			children = (
				6D7F8E9A0B1C2D3E4F5A6B78 /* Pods_PassageExampleCocoaPods.framework */,
			);
			name = Frameworks;
			sourceTree = "<group>";
		};
/* End PBXGroup section */

/* Begin PBXNativeTarget section */
		2F4B8E152C8A4B0000123456 /* PassageExampleCocoaPods */ = {
			isa = PBXNativeTarget;
			buildConfigurationList = 2F4B8E2A2C8A4B0000123456 /* Build configuration list for PBXNativeTarget "PassageExampleCocoaPods" */;
			buildPhases = (
				C5D6E7F8A9B0C1D2E3F4A5B6 /* [CP] Check Pods Manifest.lock */,
				2F4B8E122C8A4B0000123456 /* Sources */,
				2F4B8E132C8A4B0000123456 /* Frameworks */,
				2F4B8E142C8A4B0000123456 /* Resources */,
				B4A5968778695A4B5C6D7E8F /* [CP] Embed Pods Frameworks */,
			);
			buildRules = (
			);
			dependencies = (
			);
			name = PassageExampleCocoaPods;
			productName = PassageExampleCocoaPods;
			productReference = 2F4B8E162C8A4B0000123456 /* PassageExampleCocoaPods.app */;
			productType = "com.apple.product-type.application";
		};
/* End PBXNativeTarget section */

/* Begin PBXProject section */
		2F4B8E0E2C8A4B0000123456 /* Project object */ = {
			isa = PBXProject;
			attributes = {
				BuildIndependentTargetsInParallel = 1;
				LastSwiftUpdateCheck = 1400;
				LastUpgradeCheck = 1400;
				TargetAttributes = {
					2F4B8E152C8A4B0000123456 = {
						CreatedOnToolsVersion = 14.0;
					};
				};
			};
			buildConfigurationList = 2F4B8E112C8A4B0000123456 /* Build configuration list for PBXProject "PassageExampleCocoaPods" */;
			compatibilityVersion = "Xcode 14.0";
			developmentRegion = en;
			hasScannedForEncodings = 0;
			knownRegions = (
				en,
				Base,
			);
			mainGroup = 2F4B8E0D2C8A4B0000123456;
			productRefGroup = 2F4B8E172C8A4B0000123456 /* Products */;
			projectDirPath = "";
			projectRoot = "";
			targets = (
				2F4B8E152C8A4B0000123456 /* PassageExampleCocoaPods */,
			);
		};
/* End PBXProject section */

/* Begin PBXResourcesBuildPhase section */
		2F4B8E142C8A4B0000123456 /* Resources */ = {
			isa = PBXResourcesBuildPhase;
			buildActionMask = 2147483647;
			files = (
				2F4B8E262C8A4B0000123456 /* LaunchScreen.storyboard in Resources */,
				2F4B8E232C8A4B0000123456 /* Assets.xcassets in Resources */,
				2F4B8E212C8A4B0000123456 /* Main.storyboard in Resources */,
			);
			runOnlyForDeploymentPostprocessing = 0;
		};
/* End PBXResourcesBuildPhase section */

/* Begin PBXShellScriptBuildPhase section */
		B4A5968778695A4B5C6D7E8F /* [CP] Embed Pods Frameworks */ = {
			isa = PBXShellScriptBuildPhase;
			buildActionMask = 2147483647;
			files = (
			);
			inputFileListPaths = (
				"${PODS_ROOT}/Target Support Files/Pods-PassageExampleCocoaPods/Pods-PassageExampleCocoaPods-frameworks-${CONFIGURATION}-input-files.xcfilelist",
			);
			name = "[CP] Embed Pods Frameworks";
			outputFileListPaths = (
				"${PODS_ROOT}/Target Support Files/Pods-PassageExampleCocoaPods/Pods-PassageExampleCocoaPods-frameworks-${CONFIGURATION}-output-files.xcfilelist",
			);
			runOnlyForDeploymentPostprocessing = 0;
			shellPath = /bin/sh;
			shellScript = "\"${PODS_ROOT}/Target Support Files/Pods-PassageExampleCocoaPods/Pods-PassageExampleCocoaPods-frameworks.sh\"\n";
			showEnvVarsInLog = 0;
		};
		C5D6E7F8A9B0C1D2E3F4A5B6 /* [CP] Check Pods Manifest.lock */ = {
			isa = PBXShellScriptBuildPhase;
			buildActionMask = 2147483647;
			files = (
			);
			inputFileListPaths = (
			);
			inputPaths = (
				"${PODS_PODFILE_DIR_PATH}/Podfile.lock",
				"${PODS_ROOT}/Manifest.lock",
			);
			name = "[CP] Check Pods Manifest.lock";
			outputFileListPaths = (
			);
			outputPaths = (
				"$(DERIVED_FILE_DIR)/Pods-PassageExampleCocoaPods-checkManifestLockResult.txt",
			);
			runOnlyForDeploymentPostprocessing = 0;
			shellPath = /bin/sh;
			shellScript = "diff \"${PODS_PODFILE_DIR_PATH}/Podfile.lock\" \"${PODS_ROOT}/Manifest.lock\" > /dev/null\nif [ $? != 0 ] ; then\n    # print error to STDERR\n    echo \"error: The sandbox is not in sync with the Podfile.lock. Run 'pod install' or update your CocoaPods installation.\" >&2\n    exit 1\nfi\n# This output is used by Xcode 'outputs' to avoid re-running this script phase.\necho \"SUCCESS\" > \"${SCRIPT_OUTPUT_FILE_0}\"\n";
			showEnvVarsInLog = 0;
		};
/* End PBXShellScriptBuildPhase section */

/* Begin PBXSourcesBuildPhase section */
		2F4B8E122C8A4B0000123456 /* Sources */ = {
			isa = PBXSourcesBuildPhase;
			buildActionMask = 2147483647;
			files = (
				2F4B8E1E2C8A4B0000123456 /* ViewController.swift in Sources */,
				2F4B8E1A2C8A4B0000123456 /* AppDelegate.swift in Sources */,
				2F4B8E1C2C8A4B0000123456 /* SceneDelegate.swift in Sources */,
			);
			runOnlyForDeploymentPostprocessing = 0;
		};
/* End PBXSourcesBuildPhase section */

/* Begin PBXVariantGroup section */
		2F4B8E1F2C8A4B0000123456 /* Main.storyboard */ = {
			isa = PBXVariantGroup;
			children = (
				2F4B8E202C8A4B0000123456 /* Base */,
			);
			name = Main.storyboard;
			sourceTree = "<group>";
		};
		2F4B8E242C8A4B0000123456 /* LaunchScreen.storyboard */ = {
			isa = PBXVariantGroup;
			children = (
				2F4B8E252C8A4B0000123456 /* Base */,
			);
			name = LaunchScreen.storyboard;
			sourceTree = "<group>";
		};
/* End PBXVariantGroup section */

/* Begin XCBuildConfiguration section */
		2F4B8E282C8A4B0000123456 /* Debug */ = {
			isa = XCBuildConfiguration;
			buildSettings = {
				ALWAYS_SEARCH_USER_PATHS = NO;
				CLANG_ANALYZER_NONNULL = YES;
				CLANG_ANALYZER_NUMBER_OBJECT_CONVERSION = YES_AGGRESSIVE;
				CLANG_CXX_LANGUAGE_STANDARD = "gnu++20";
				CLANG_ENABLE_MODULES = YES;
				CLANG_ENABLE_OBJC_ARC = YES;
				CLANG_ENABLE_OBJC_WEAK = YES;
				CLANG_WARN_BLOCK_CAPTURE_AUTORELEASING = YES;
				CLANG_WARN_BOOL_CONVERSION = YES;
				CLANG_WARN_COMMA = YES;
				CLANG_WARN_CONSTANT_CONVERSION = YES;
				CLANG_WARN_DEPRECATED_OBJC_IMPLEMENTATIONS = YES;
				CLANG_WARN_DIRECT_OBJC_ISA_USAGE = YES_ERROR;
				CLANG_WARN_DOCUMENTATION_COMMENTS = YES;
				CLANG_WARN_EMPTY_BODY = YES;
				CLANG_WARN_ENUM_CONVERSION = YES;
				CLANG_WARN_INFINITE_RECURSION = YES;
				CLANG_WARN_INT_CONVERSION = YES;
				CLANG_WARN_NON_LITERAL_NULL_CONVERSION = YES;
				CLANG_WARN_OBJC_IMPLICIT_RETAIN_SELF = YES;
				CLANG_WARN_OBJC_LITERAL_CONVERSION = YES;
				CLANG_WARN_OBJC_ROOT_CLASS = YES_ERROR;
				CLANG_WARN_QUOTED_INCLUDE_IN_FRAMEWORK_HEADER = YES;
				CLANG_WARN_RANGE_LOOP_ANALYSIS = YES;
				CLANG_WARN_STRICT_PROTOTYPES = YES;
				CLANG_WARN_SUSPICIOUS_MOVE = YES;
				CLANG_WARN_UNGUARDED_AVAILABILITY = YES_AGGRESSIVE;
				CLANG_WARN_UNREACHABLE_CODE = YES;
				CLANG_WARN__DUPLICATE_METHOD_MATCH = YES;
				COPY_PHASE_STRIP = NO;
				DEBUG_INFORMATION_FORMAT = dwarf;
				ENABLE_STRICT_OBJC_MSGSEND = YES;
				ENABLE_TESTABILITY = YES;
				GCC_C_LANGUAGE_STANDARD = gnu11;
				GCC_DYNAMIC_NO_PIC = NO;
				GCC_NO_COMMON_BLOCKS = YES;
				GCC_OPTIMIZATION_LEVEL = 0;
				GCC_PREPROCESSOR_DEFINITIONS = (
					"DEBUG=1",
					"$(inherited)",
				);
				GCC_WARN_64_TO_32_BIT_CONVERSION = YES;
				GCC_WARN_ABOUT_RETURN_TYPE = YES_ERROR;
				GCC_WARN_UNDECLARED_SELECTOR = YES;
				GCC_WARN_UNINITIALIZED_AUTOS = YES_AGGRESSIVE;
				GCC_WARN_UNUSED_FUNCTION = YES;
				GCC_WARN_UNUSED_VARIABLE = YES;
				IPHONEOS_DEPLOYMENT_TARGET = 13.0;
				MTL_ENABLE_DEBUG_INFO = INCLUDE_SOURCE;
				MTL_FAST_MATH = YES;
				ONLY_ACTIVE_ARCH = YES;
				SDKROOT = iphoneos;
				SWIFT_ACTIVE_COMPILATION_CONDITIONS = DEBUG;
				SWIFT_OPTIMIZATION_LEVEL = "-Onone";
			};
			name = Debug;
		};
		2F4B8E292C8A4B0000123456 /* Release */ = {
			isa = XCBuildConfiguration;
			buildSettings = {
				ALWAYS_SEARCH_USER_PATHS = NO;
				CLANG_ANALYZER_NONNULL = YES;
				CLANG_ANALYZER_NUMBER_OBJECT_CONVERSION = YES_AGGRESSIVE;
				CLANG_CXX_LANGUAGE_STANDARD = "gnu++20";
				CLANG_ENABLE_MODULES = YES;
				CLANG_ENABLE_OBJC_ARC = YES;
				CLANG_ENABLE_OBJC_WEAK = YES;
				CLANG_WARN_BLOCK_CAPTURE_AUTORELEASING = YES;
				CLANG_WARN_BOOL_CONVERSION = YES;
				CLANG_WARN_COMMA = YES;
				CLANG_WARN_CONSTANT_CONVERSION = YES;
				CLANG_WARN_DEPRECATED_OBJC_IMPLEMENTATIONS = YES;
				CLANG_WARN_DIRECT_OBJC_ISA_USAGE = YES_ERROR;
				CLANG_WARN_DOCUMENTATION_COMMENTS = YES;
				CLANG_WARN_EMPTY_BODY = YES;
				CLANG_WARN_ENUM_CONVERSION = YES;
				CLANG_WARN_INFINITE_RECURSION = YES;
				CLANG_WARN_INT_CONVERSION = YES;
				CLANG_WARN_NON_LITERAL_NULL_CONVERSION = YES;
				CLANG_WARN_OBJC_IMPLICIT_RETAIN_SELF = YES;
				CLANG_WARN_OBJC_LITERAL_CONVERSION = YES;
				CLANG_WARN_OBJC_ROOT_CLASS = YES_ERROR;
				CLANG_WARN_QUOTED_INCLUDE_IN_FRAMEWORK_HEADER = YES;
				CLANG_WARN_RANGE_LOOP_ANALYSIS = YES;
				CLANG_WARN_SUSPICIOUS_MOVE = YES;
				CLANG_WARN_UNGUARDED_AVAILABILITY = YES_AGGRESSIVE;
				CLANG_WARN_UNREACHABLE_CODE = YES;
				CLANG_WARN__DUPLICATE_METHOD_MATCH = YES;
				COPY_PHASE_STRIP = NO;
				DEBUG_INFORMATION_FORMAT = "dwarf-with-dsym";
				ENABLE_NS_ASSERTIONS = NO;
				ENABLE_STRICT_OBJC_MSGSEND = YES;
				GCC_C_LANGUAGE_STANDARD = gnu11;
				GCC_NO_COMMON_BLOCKS = YES;
				GCC_WARN_64_TO_32_BIT_CONVERSION = YES;
				GCC_WARN_ABOUT_RETURN_TYPE = YES_ERROR;
				GCC_WARN_UNDECLARED_SELECTOR = YES;
				GCC_WARN_UNINITIALIZED_AUTOS = YES_AGGRESSIVE;
				GCC_WARN_UNUSED_FUNCTION = YES;
				GCC_WARN_UNUSED_VARIABLE = YES;
				IPHONEOS_DEPLOYMENT_TARGET = 13.0;
				MTL_ENABLE_DEBUG_INFO = NO;
				MTL_FAST_MATH = YES;
				SDKROOT = iphoneos;
				SWIFT_COMPILATION_MODE = wholemodule;
				SWIFT_OPTIMIZATION_LEVEL = "-O";
				VALIDATE_PRODUCT = YES;
			};
			name = Release;
		};
		2F4B8E2B2C8A4B0000123456 /* Debug */ = {
			isa = XCBuildConfiguration;
			baseConfigurationReference = 8C9D0E1F2A3B4C5D6E7F8A9B /* Pods-PassageExampleCocoaPods.debug.xcconfig */;
			buildSettings = {
				ASSETCATALOG_COMPILER_APPICON_NAME = AppIcon;
				ASSETCATALOG_COMPILER_GLOBAL_ACCENT_COLOR_NAME = AccentColor;
				CODE_SIGN_STYLE = Automatic;
				CURRENT_PROJECT_VERSION = 1;
				GENERATE_INFOPLIST_FILE = YES;
				INFOPLIST_FILE = PassageExampleCocoaPods/Info.plist;
				INFOPLIST_KEY_UIApplicationSupportsIndirectInputEvents = YES;
				INFOPLIST_KEY_UILaunchStoryboardName = LaunchScreen;
				INFOPLIST_KEY_UIMainStoryboardFile = Main;
				INFOPLIST_KEY_UISupportedInterfaceOrientations_iPad = "UIInterfaceOrientationPortrait UIInterfaceOrientationPortraitUpsideDown UIInterfaceOrientationLandscapeLeft UIInterfaceOrientationLandscapeRight";
				INFOPLIST_KEY_UISupportedInterfaceOrientations_iPhone = "UIInterfaceOrientationPortrait UIInterfaceOrientationLandscapeLeft UIInterfaceOrientationLandscapeRight";
				LD_RUNPATH_SEARCH_PATHS = (
					"$(inherited)",
					"@executable_path/Frameworks",
				);
				MARKETING_VERSION = 1.0;
				PRODUCT_BUNDLE_IDENTIFIER = com.passage.example.cocoapods;
				PRODUCT_NAME = "$(TARGET_NAME)";
				SWIFT_EMIT_LOC_STRINGS = YES;
				SWIFT_VERSION = 5.0;
				TARGETED_DEVICE_FAMILY = "1,2";
			};
			name = Debug;
		};
		2F4B8E2C2C8A4B0000123456 /* Release */ = {
			isa = XCBuildConfiguration;
			baseConfigurationReference = 9B8A7C6D5E4F3A2B1C0D9E8F /* Pods-PassageExampleCocoaPods.release.xcconfig */;
			buildSettings = {
				ASSETCATALOG_COMPILER_APPICON_NAME = AppIcon;
				ASSETCATALOG_COMPILER_GLOBAL_ACCENT_COLOR_NAME = AccentColor;
				CODE_SIGN_STYLE = Automatic;
				CURRENT_PROJECT_VERSION = 1;
				GENERATE_INFOPLIST_FILE = YES;
				INFOPLIST_FILE = PassageExampleCocoaPods/Info.plist;
				INFOPLIST_KEY_UIApplicationSupportsIndirectInputEvents = YES;
				INFOPLIST_KEY_UILaunchStoryboardName = LaunchScreen;
				INFOPLIST_KEY_UIMainStoryboardFile = Main;
				INFOPLIST_KEY_UISupportedInterfaceOrientations_iPad = "UIInterfaceOrientationPortrait UIInterfaceOrientationPortraitUpsideDown UIInterfaceOrientationLandscapeLeft UIInterfaceOrientationLandscapeRight";
				INFOPLIST_KEY_UISupportedInterfaceOrientations_iPhone = "UIInterfaceOrientationPortrait UIInterfaceOrientationLandscapeLeft UIInterfaceOrientationLandscapeRight";
				LD_RUNPATH_SEARCH_PATHS = (
					"$(inherited)",
					"@executable_path/Frameworks",
				);
				MARKETING_VERSION = 1.0;
				PRODUCT_BUNDLE_IDENTIFIER = com.passage.example.cocoapods;
				PRODUCT_NAME = "$(TARGET_NAME)";
				SWIFT_EMIT_LOC_STRINGS = YES;
				SWIFT_VERSION = 5.0;
				TARGETED_DEVICE_FAMILY = "1,2";
			};
			name = Release;
		};
/* End XCBuildConfiguration section */

/* Begin XCConfigurationList section */
		2F4B8E112C8A4B0000123456 /* Build configuration list for PBXProject "PassageExampleCocoaPods" */ = {
			isa = XCConfigurationList;
			buildConfigurations = (
				2F4B8E282C8A4B0000123456 /* Debug */,
				2F4B8E292C8A4B0000123456 /* Release */,
			);
			defaultConfigurationIsVisible = 0;
			defaultConfigurationName = Release;
		};
		2F4B8E2A2C8A4B0000123456 /* Build configuration list for PBXNativeTarget "PassageExampleCocoaPods" */ = {
			isa = XCConfigurationList;
			buildConfigurations = (
				2F4B8E2B2C8A4B0000123456 /* Debug */,
				2F4B8E2C2C8A4B0000123456 /* Release */,
			);
			defaultConfigurationIsVisible = 0;
			defaultConfigurationName = Release;
		};
/* End XCConfigurationList section */
	};
	rootObject = 2F4B8E0E2C8A4B0000123456 /* Project object */;
}
