// !$*UTF8*$!
{
	archiveVersion = 1;
	classes = {
	};
	objectVersion = 46;
	objects = {

/* Begin PBXBuildFile section */
		06521CD3C493B6129C191578 /* Assets.xcassets in Resources */ = {isa = PBXBuildFile; fileRef = B51D36F829E0040B1FE43607 /* Assets.xcassets */; };
		2625DF893513D85E79DB831A /* Pods_AutopilotApp.framework in Frameworks */ = {isa = PBXBuildFile; fileRef = 5F2AE70F43DAD6BD56C45CCE /* Pods_AutopilotApp.framework */; };
		3C6E68048C47310109B8248B /* Foundation.framework in Frameworks */ = {isa = PBXBuildFile; fileRef = EE7C6EBCC5260B268CCBC957 /* Foundation.framework */; };
		6031B3BF21E34BD8E5CE7EA1 /* LaunchScreen.storyboard in Resources */ = {isa = PBXBuildFile; fileRef = 153C4C662C8FAFF5B8619455 /* LaunchScreen.storyboard */; };
		AFF2A1191D9743440B742163 /* AutopilotViewController.swift in Sources */ = {isa = PBXBuildFile; fileRef = B5A7B9938EFA374CB58A8BBB /* AutopilotViewController.swift */; };
		E07FEA6BA8D9E48FDB0CFC4F /* AppDelegate.swift in Sources */ = {isa = PBXBuildFile; fileRef = EBD432F07018DBBE5908CA14 /* AppDelegate.swift */; };
/* End PBXBuildFile section */

/* Begin PBXFileReference section */
		01A837E1CAA59EA837851186 /* AutopilotApp.app */ = {isa = PBXFileReference; explicitFileType = wrapper.application; includeInIndex = 0; path = AutopilotApp.app; sourceTree = BUILT_PRODUCTS_DIR; };
		153C4C662C8FAFF5B8619455 /* LaunchScreen.storyboard */ = {isa = PBXFileReference; includeInIndex = 1; lastKnownFileType = file.storyboard; name = LaunchScreen.storyboard; path = AutopilotApp/Base.lproj/LaunchScreen.storyboard; sourceTree = "<group>"; };
		5C960839CA0716CE737A775B /* Pods-AutopilotApp.release.xcconfig */ = {isa = PBXFileReference; includeInIndex = 1; lastKnownFileType = text.xcconfig; name = "Pods-AutopilotApp.release.xcconfig"; path = "Target Support Files/Pods-AutopilotApp/Pods-AutopilotApp.release.xcconfig"; sourceTree = "<group>"; };
		5F2AE70F43DAD6BD56C45CCE /* Pods_AutopilotApp.framework */ = {isa = PBXFileReference; explicitFileType = wrapper.framework; includeInIndex = 0; path = Pods_AutopilotApp.framework; sourceTree = BUILT_PRODUCTS_DIR; };
		B51D36F829E0040B1FE43607 /* Assets.xcassets */ = {isa = PBXFileReference; includeInIndex = 1; lastKnownFileType = folder.assetcatalog; name = Assets.xcassets; path = AutopilotApp/Assets.xcassets; sourceTree = "<group>"; };
		B5A7B9938EFA374CB58A8BBB /* AutopilotViewController.swift */ = {isa = PBXFileReference; includeInIndex = 1; lastKnownFileType = sourcecode.swift; name = AutopilotViewController.swift; path = AutopilotApp/AutopilotViewController.swift; sourceTree = "<group>"; };
		EBD432F07018DBBE5908CA14 /* AppDelegate.swift */ = {isa = PBXFileReference; includeInIndex = 1; lastKnownFileType = sourcecode.swift; name = AppDelegate.swift; path = AutopilotApp/AppDelegate.swift; sourceTree = "<group>"; };
		ECE4342294C74AFB01770DDA /* Info.plist */ = {isa = PBXFileReference; includeInIndex = 1; lastKnownFileType = text.plist.xml; name = Info.plist; path = AutopilotApp/Info.plist; sourceTree = "<group>"; };
		EE7C6EBCC5260B268CCBC957 /* Foundation.framework */ = {isa = PBXFileReference; lastKnownFileType = wrapper.framework; name = Foundation.framework; path = Platforms/iPhoneOS.platform/Developer/SDKs/iPhoneOS18.0.sdk/System/Library/Frameworks/Foundation.framework; sourceTree = DEVELOPER_DIR; };
		F06CC05946882FDD0CA53641 /* Pods-AutopilotApp.debug.xcconfig */ = {isa = PBXFileReference; includeInIndex = 1; lastKnownFileType = text.xcconfig; name = "Pods-AutopilotApp.debug.xcconfig"; path = "Target Support Files/Pods-AutopilotApp/Pods-AutopilotApp.debug.xcconfig"; sourceTree = "<group>"; };
/* End PBXFileReference section */

/* Begin PBXFrameworksBuildPhase section */
		BDF94B285CE9EC73D1ACAD3B /* Frameworks */ = {
			isa = PBXFrameworksBuildPhase;
			buildActionMask = 2147483647;
			files = (
				3C6E68048C47310109B8248B /* Foundation.framework in Frameworks */,
				2625DF893513D85E79DB831A /* Pods_AutopilotApp.framework in Frameworks */,
			);
			runOnlyForDeploymentPostprocessing = 0;
		};
/* End PBXFrameworksBuildPhase section */

/* Begin PBXGroup section */
		33CB6DC93F2AD6A2351A7B60 /* Pods */ = {
			isa = PBXGroup;
			children = (
				5C960839CA0716CE737A775B /* Pods-AutopilotApp.release.xcconfig */,
				F06CC05946882FDD0CA53641 /* Pods-AutopilotApp.debug.xcconfig */,
			);
			name = Pods;
			path = Pods;
			sourceTree = "<group>";
		};
		52AA9DBF1AD504A710B0401C /* Frameworks */ = {
			isa = PBXGroup;
			children = (
				ACED1E3C7332858B41DE9864 /* iOS */,
				5F2AE70F43DAD6BD56C45CCE /* Pods_AutopilotApp.framework */,
			);
			name = Frameworks;
			sourceTree = "<group>";
		};
		ACED1E3C7332858B41DE9864 /* iOS */ = {
			isa = PBXGroup;
			children = (
				EE7C6EBCC5260B268CCBC957 /* Foundation.framework */,
			);
			name = iOS;
			sourceTree = "<group>";
		};
		BC6892AEA8B107F2657811BC /* Products */ = {
			isa = PBXGroup;
			children = (
				01A837E1CAA59EA837851186 /* AutopilotApp.app */,
			);
			name = Products;
			sourceTree = "<group>";
		};
		D1C85C21FF3969C9A037E7F9 /* AutopilotApp */ = {
			isa = PBXGroup;
			children = (
				EBD432F07018DBBE5908CA14 /* AppDelegate.swift */,
				B5A7B9938EFA374CB58A8BBB /* AutopilotViewController.swift */,
				ECE4342294C74AFB01770DDA /* Info.plist */,
				B51D36F829E0040B1FE43607 /* Assets.xcassets */,
				153C4C662C8FAFF5B8619455 /* LaunchScreen.storyboard */,
			);
			name = AutopilotApp;
			sourceTree = "<group>";
		};
		D831C76A003993233D22A389 = {
			isa = PBXGroup;
			children = (
				BC6892AEA8B107F2657811BC /* Products */,
				52AA9DBF1AD504A710B0401C /* Frameworks */,
				D1C85C21FF3969C9A037E7F9 /* AutopilotApp */,
				33CB6DC93F2AD6A2351A7B60 /* Pods */,
			);
			sourceTree = "<group>";
		};
/* End PBXGroup section */

/* Begin PBXNativeTarget section */
		FECD6AD15CCB5001A65F8D50 /* AutopilotApp */ = {
			isa = PBXNativeTarget;
			buildConfigurationList = 02963B6D4B54E60B96FA5A6D /* Build configuration list for PBXNativeTarget "AutopilotApp" */;
			buildPhases = (
				BA6F8C782BB92A7D4B6BB6FD /* [CP] Check Pods Manifest.lock */,
				28A449F7852429B71DA3F4BA /* Sources */,
				BDF94B285CE9EC73D1ACAD3B /* Frameworks */,
				4AA81DE3E40C0DF7375B2F10 /* Resources */,
				782DA541A55082C9CB355977 /* [CP] Embed Pods Frameworks */,
			);
			buildRules = (
			);
			dependencies = (
			);
			name = AutopilotApp;
			productName = AutopilotApp;
			productReference = 01A837E1CAA59EA837851186 /* AutopilotApp.app */;
			productType = "com.apple.product-type.application";
		};
/* End PBXNativeTarget section */

/* Begin PBXProject section */
		8142C85AC2D8E225F851A363 /* Project object */ = {
			isa = PBXProject;
			attributes = {
				LastSwiftUpdateCheck = 1600;
				LastUpgradeCheck = 1600;
			};
			buildConfigurationList = CB04447D8DC99A3C0A1E1408 /* Build configuration list for PBXProject "AutopilotApp" */;
			compatibilityVersion = "Xcode 3.2";
			developmentRegion = en;
			hasScannedForEncodings = 0;
			knownRegions = (
				en,
				Base,
			);
			mainGroup = D831C76A003993233D22A389;
			minimizedProjectReferenceProxies = 0;
			preferredProjectObjectVersion = 77;
			productRefGroup = BC6892AEA8B107F2657811BC /* Products */;
			projectDirPath = "";
			projectRoot = "";
			targets = (
				FECD6AD15CCB5001A65F8D50 /* AutopilotApp */,
			);
		};
/* End PBXProject section */

/* Begin PBXResourcesBuildPhase section */
		4AA81DE3E40C0DF7375B2F10 /* Resources */ = {
			isa = PBXResourcesBuildPhase;
			buildActionMask = 2147483647;
			files = (
				06521CD3C493B6129C191578 /* Assets.xcassets in Resources */,
				6031B3BF21E34BD8E5CE7EA1 /* LaunchScreen.storyboard in Resources */,
			);
			runOnlyForDeploymentPostprocessing = 0;
		};
/* End PBXResourcesBuildPhase section */

/* Begin PBXShellScriptBuildPhase section */
		782DA541A55082C9CB355977 /* [CP] Embed Pods Frameworks */ = {
			isa = PBXShellScriptBuildPhase;
			buildActionMask = 2147483647;
			files = (
			);
			inputPaths = (
				"${PODS_ROOT}/Target Support Files/Pods-AutopilotApp/Pods-AutopilotApp-frameworks.sh",
				"${BUILT_PRODUCTS_DIR}/Socket.IO-Client-Swift/SocketIO.framework",
				"${BUILT_PRODUCTS_DIR}/Starscream/Starscream.framework",
			);
			name = "[CP] Embed Pods Frameworks";
			outputPaths = (
				"${TARGET_BUILD_DIR}/${FRAMEWORKS_FOLDER_PATH}/SocketIO.framework",
				"${TARGET_BUILD_DIR}/${FRAMEWORKS_FOLDER_PATH}/Starscream.framework",
			);
			runOnlyForDeploymentPostprocessing = 0;
			shellPath = /bin/sh;
			shellScript = "\"${PODS_ROOT}/Target Support Files/Pods-AutopilotApp/Pods-AutopilotApp-frameworks.sh\"\n";
			showEnvVarsInLog = 0;
		};
		BA6F8C782BB92A7D4B6BB6FD /* [CP] Check Pods Manifest.lock */ = {
			isa = PBXShellScriptBuildPhase;
			buildActionMask = 2147483647;
			files = (
			);
			inputFileListPaths = (
			);
			inputPaths = (
				"${PODS_PODFILE_DIR_PATH}/Podfile.lock",
				"${PODS_ROOT}/Manifest.lock",
			);
			name = "[CP] Check Pods Manifest.lock";
			outputFileListPaths = (
			);
			outputPaths = (
				"$(DERIVED_FILE_DIR)/Pods-AutopilotApp-checkManifestLockResult.txt",
			);
			runOnlyForDeploymentPostprocessing = 0;
			shellPath = /bin/sh;
			shellScript = "diff \"${PODS_PODFILE_DIR_PATH}/Podfile.lock\" \"${PODS_ROOT}/Manifest.lock\" > /dev/null\nif [ $? != 0 ] ; then\n    # print error to STDERR\n    echo \"error: The sandbox is not in sync with the Podfile.lock. Run 'pod install' or update your CocoaPods installation.\" >&2\n    exit 1\nfi\n# This output is used by Xcode 'outputs' to avoid re-running this script phase.\necho \"SUCCESS\" > \"${SCRIPT_OUTPUT_FILE_0}\"\n";
			showEnvVarsInLog = 0;
		};
/* End PBXShellScriptBuildPhase section */

/* Begin PBXSourcesBuildPhase section */
		28A449F7852429B71DA3F4BA /* Sources */ = {
			isa = PBXSourcesBuildPhase;
			buildActionMask = 2147483647;
			files = (
				E07FEA6BA8D9E48FDB0CFC4F /* AppDelegate.swift in Sources */,
				AFF2A1191D9743440B742163 /* AutopilotViewController.swift in Sources */,
			);
			runOnlyForDeploymentPostprocessing = 0;
		};
/* End PBXSourcesBuildPhase section */

/* Begin XCBuildConfiguration section */
		2F4298BF3312F75DE422F969 /* Debug */ = {
			isa = XCBuildConfiguration;
			baseConfigurationReference = F06CC05946882FDD0CA53641 /* Pods-AutopilotApp.debug.xcconfig */;
			buildSettings = {
				ASSETCATALOG_COMPILER_APPICON_NAME = AppIcon;
				ASSETCATALOG_COMPILER_GLOBAL_ACCENT_COLOR_NAME = AccentColor;
				CLANG_ENABLE_OBJC_WEAK = NO;
				CODE_SIGN_STYLE = Automatic;
				CURRENT_PROJECT_VERSION = 1;
				DEVELOPMENT_TEAM = FHSCXF7LC4;
				INFOPLIST_FILE = AutopilotApp/Info.plist;
				INFOPLIST_KEY_UIApplicationSupportsIndirectInputEvents = YES;
				INFOPLIST_KEY_UILaunchStoryboardName = LaunchScreen;
				INFOPLIST_KEY_UISupportedInterfaceOrientations_iPad = "UIInterfaceOrientationPortrait UIInterfaceOrientationPortraitUpsideDown UIInterfaceOrientationLandscapeLeft UIInterfaceOrientationLandscapeRight";
				INFOPLIST_KEY_UISupportedInterfaceOrientations_iPhone = "UIInterfaceOrientationPortrait UIInterfaceOrientationLandscapeLeft UIInterfaceOrientationLandscapeRight";
				IPHONEOS_DEPLOYMENT_TARGET = 16.0;
				LD_RUNPATH_SEARCH_PATHS = "$(inherited) @executable_path/Frameworks";
				MARKETING_VERSION = 1.0;
				PRODUCT_BUNDLE_IDENTIFIER = com.passage.autopilot;
				PRODUCT_NAME = "$(TARGET_NAME)";
				SDKROOT = iphoneos;
				SWIFT_VERSION = 5.0;
				TARGETED_DEVICE_FAMILY = "1,2";
			};
			name = Debug;
		};
		7D4EF0709404922B6C74D717 /* Release */ = {
			isa = XCBuildConfiguration;
			buildSettings = {
				ALWAYS_SEARCH_USER_PATHS = NO;
				CLANG_ANALYZER_NONNULL = YES;
				CLANG_ANALYZER_NUMBER_OBJECT_CONVERSION = YES_AGGRESSIVE;
				CLANG_CXX_LANGUAGE_STANDARD = "gnu++14";
				CLANG_CXX_LIBRARY = "libc++";
				CLANG_ENABLE_MODULES = YES;
				CLANG_ENABLE_OBJC_ARC = YES;
				CLANG_ENABLE_OBJC_WEAK = YES;
				CLANG_WARN_BLOCK_CAPTURE_AUTORELEASING = YES;
				CLANG_WARN_BOOL_CONVERSION = YES;
				CLANG_WARN_COMMA = YES;
				CLANG_WARN_CONSTANT_CONVERSION = YES;
				CLANG_WARN_DEPRECATED_OBJC_IMPLEMENTATIONS = YES;
				CLANG_WARN_DIRECT_OBJC_ISA_USAGE = YES_ERROR;
				CLANG_WARN_DOCUMENTATION_COMMENTS = YES;
				CLANG_WARN_EMPTY_BODY = YES;
				CLANG_WARN_ENUM_CONVERSION = YES;
				CLANG_WARN_INFINITE_RECURSION = YES;
				CLANG_WARN_INT_CONVERSION = YES;
				CLANG_WARN_NON_LITERAL_NULL_CONVERSION = YES;
				CLANG_WARN_OBJC_IMPLICIT_RETAIN_SELF = YES;
				CLANG_WARN_OBJC_LITERAL_CONVERSION = YES;
				CLANG_WARN_OBJC_ROOT_CLASS = YES_ERROR;
				CLANG_WARN_QUOTED_INCLUDE_IN_FRAMEWORK_HEADER = YES;
				CLANG_WARN_RANGE_LOOP_ANALYSIS = YES;
				CLANG_WARN_STRICT_PROTOTYPES = YES;
				CLANG_WARN_SUSPICIOUS_MOVE = YES;
				CLANG_WARN_UNGUARDED_AVAILABILITY = YES_AGGRESSIVE;
				CLANG_WARN_UNREACHABLE_CODE = YES;
				CLANG_WARN__DUPLICATE_METHOD_MATCH = YES;
				COPY_PHASE_STRIP = NO;
				DEBUG_INFORMATION_FORMAT = "dwarf-with-dsym";
				ENABLE_NS_ASSERTIONS = NO;
				ENABLE_STRICT_OBJC_MSGSEND = YES;
				GCC_C_LANGUAGE_STANDARD = gnu11;
				GCC_NO_COMMON_BLOCKS = YES;
				GCC_WARN_64_TO_32_BIT_CONVERSION = YES;
				GCC_WARN_ABOUT_RETURN_TYPE = YES_ERROR;
				GCC_WARN_UNDECLARED_SELECTOR = YES;
				GCC_WARN_UNINITIALIZED_AUTOS = YES_AGGRESSIVE;
				GCC_WARN_UNUSED_FUNCTION = YES;
				GCC_WARN_UNUSED_VARIABLE = YES;
				MTL_ENABLE_DEBUG_INFO = NO;
				MTL_FAST_MATH = YES;
				PRODUCT_NAME = "$(TARGET_NAME)";
				SWIFT_COMPILATION_MODE = wholemodule;
				SWIFT_OPTIMIZATION_LEVEL = "-O";
				SWIFT_VERSION = 5.0;
			};
			name = Release;
		};
		AADF4A66E938CD85284EB833 /* Release */ = {
			isa = XCBuildConfiguration;
			baseConfigurationReference = 5C960839CA0716CE737A775B /* Pods-AutopilotApp.release.xcconfig */;
			buildSettings = {
				ASSETCATALOG_COMPILER_APPICON_NAME = AppIcon;
				ASSETCATALOG_COMPILER_GLOBAL_ACCENT_COLOR_NAME = AccentColor;
				CLANG_ENABLE_OBJC_WEAK = NO;
				CODE_SIGN_STYLE = Automatic;
				CURRENT_PROJECT_VERSION = 1;
				DEVELOPMENT_TEAM = FHSCXF7LC4;
				INFOPLIST_FILE = AutopilotApp/Info.plist;
				INFOPLIST_KEY_UIApplicationSupportsIndirectInputEvents = YES;
				INFOPLIST_KEY_UILaunchStoryboardName = LaunchScreen;
				INFOPLIST_KEY_UISupportedInterfaceOrientations_iPad = "UIInterfaceOrientationPortrait UIInterfaceOrientationPortraitUpsideDown UIInterfaceOrientationLandscapeLeft UIInterfaceOrientationLandscapeRight";
				INFOPLIST_KEY_UISupportedInterfaceOrientations_iPhone = "UIInterfaceOrientationPortrait UIInterfaceOrientationLandscapeLeft UIInterfaceOrientationLandscapeRight";
				IPHONEOS_DEPLOYMENT_TARGET = 16.0;
				LD_RUNPATH_SEARCH_PATHS = "$(inherited) @executable_path/Frameworks";
				MARKETING_VERSION = 1.0;
				PRODUCT_BUNDLE_IDENTIFIER = com.passage.autopilot;
				PRODUCT_NAME = "$(TARGET_NAME)";
				SDKROOT = iphoneos;
				SWIFT_VERSION = 5.0;
				TARGETED_DEVICE_FAMILY = "1,2";
				VALIDATE_PRODUCT = YES;
			};
			name = Release;
		};
		D2B970002F6634DB7F486445 /* Debug */ = {
			isa = XCBuildConfiguration;
			buildSettings = {
				ALWAYS_SEARCH_USER_PATHS = NO;
				CLANG_ANALYZER_NONNULL = YES;
				CLANG_ANALYZER_NUMBER_OBJECT_CONVERSION = YES_AGGRESSIVE;
				CLANG_CXX_LANGUAGE_STANDARD = "gnu++14";
				CLANG_CXX_LIBRARY = "libc++";
				CLANG_ENABLE_MODULES = YES;
				CLANG_ENABLE_OBJC_ARC = YES;
				CLANG_ENABLE_OBJC_WEAK = YES;
				CLANG_WARN_BLOCK_CAPTURE_AUTORELEASING = YES;
				CLANG_WARN_BOOL_CONVERSION = YES;
				CLANG_WARN_COMMA = YES;
				CLANG_WARN_CONSTANT_CONVERSION = YES;
				CLANG_WARN_DEPRECATED_OBJC_IMPLEMENTATIONS = YES;
				CLANG_WARN_DIRECT_OBJC_ISA_USAGE = YES_ERROR;
				CLANG_WARN_DOCUMENTATION_COMMENTS = YES;
				CLANG_WARN_EMPTY_BODY = YES;
				CLANG_WARN_ENUM_CONVERSION = YES;
				CLANG_WARN_INFINITE_RECURSION = YES;
				CLANG_WARN_INT_CONVERSION = YES;
				CLANG_WARN_NON_LITERAL_NULL_CONVERSION = YES;
				CLANG_WARN_OBJC_IMPLICIT_RETAIN_SELF = YES;
				CLANG_WARN_OBJC_LITERAL_CONVERSION = YES;
				CLANG_WARN_OBJC_ROOT_CLASS = YES_ERROR;
				CLANG_WARN_QUOTED_INCLUDE_IN_FRAMEWORK_HEADER = YES;
				CLANG_WARN_RANGE_LOOP_ANALYSIS = YES;
				CLANG_WARN_STRICT_PROTOTYPES = YES;
				CLANG_WARN_SUSPICIOUS_MOVE = YES;
				CLANG_WARN_UNGUARDED_AVAILABILITY = YES_AGGRESSIVE;
				CLANG_WARN_UNREACHABLE_CODE = YES;
				CLANG_WARN__DUPLICATE_METHOD_MATCH = YES;
				COPY_PHASE_STRIP = NO;
				DEBUG_INFORMATION_FORMAT = dwarf;
				ENABLE_STRICT_OBJC_MSGSEND = YES;
				ENABLE_TESTABILITY = YES;
				GCC_C_LANGUAGE_STANDARD = gnu11;
				GCC_DYNAMIC_NO_PIC = NO;
				GCC_NO_COMMON_BLOCKS = YES;
				GCC_OPTIMIZATION_LEVEL = 0;
				GCC_PREPROCESSOR_DEFINITIONS = (
					"DEBUG=1",
					"$(inherited)",
				);
				GCC_WARN_64_TO_32_BIT_CONVERSION = YES;
				GCC_WARN_ABOUT_RETURN_TYPE = YES_ERROR;
				GCC_WARN_UNDECLARED_SELECTOR = YES;
				GCC_WARN_UNINITIALIZED_AUTOS = YES_AGGRESSIVE;
				GCC_WARN_UNUSED_FUNCTION = YES;
				GCC_WARN_UNUSED_VARIABLE = YES;
				MTL_ENABLE_DEBUG_INFO = INCLUDE_SOURCE;
				MTL_FAST_MATH = YES;
				ONLY_ACTIVE_ARCH = YES;
				PRODUCT_NAME = "$(TARGET_NAME)";
				SWIFT_ACTIVE_COMPILATION_CONDITIONS = DEBUG;
				SWIFT_OPTIMIZATION_LEVEL = "-Onone";
				SWIFT_VERSION = 5.0;
			};
			name = Debug;
		};
/* End XCBuildConfiguration section */

/* Begin XCConfigurationList section */
		02963B6D4B54E60B96FA5A6D /* Build configuration list for PBXNativeTarget "AutopilotApp" */ = {
			isa = XCConfigurationList;
			buildConfigurations = (
				AADF4A66E938CD85284EB833 /* Release */,
				2F4298BF3312F75DE422F969 /* Debug */,
			);
			defaultConfigurationIsVisible = 0;
			defaultConfigurationName = Release;
		};
		CB04447D8DC99A3C0A1E1408 /* Build configuration list for PBXProject "AutopilotApp" */ = {
			isa = XCConfigurationList;
			buildConfigurations = (
				D2B970002F6634DB7F486445 /* Debug */,
				7D4EF0709404922B6C74D717 /* Release */,
			);
			defaultConfigurationIsVisible = 0;
			defaultConfigurationName = Release;
		};
/* End XCConfigurationList section */
	};
	rootObject = 8142C85AC2D8E225F851A363 /* Project object */;
}
